
Microsoft Visual Studio Solution File, Format Version 12.00
# Visual Studio Version 17
VisualStudioVersion = 17.3.32901.215
MinimumVisualStudioVersion = 10.0.40219.1
Project("{FAE04EC0-301F-11D3-BF4B-00C04F79EFBC}") = "MenuPrincipal", "MenuPrincipal\MenuPrincipal.csproj", "{AF1DBB0B-3199-46EC-ADFF-FB8972C9218A}"
EndProject
Project("{FAE04EC0-301F-11D3-BF4B-00C04F79EFBC}") = "VoeAirlinesClient.Dominio", "VoeAirlinesClient.Dominio\VoeAirlinesClient.Dominio.csproj", "{76B61520-1739-407E-8989-C9E2F573231E}"
EndProject
Global
	GlobalSection(SolutionConfigurationPlatforms) = preSolution
		Debug|Any CPU = Debug|Any CPU
		Release|Any CPU = Release|Any CPU
	EndGlobalSection
	GlobalSection(ProjectConfigurationPlatforms) = postSolution
		{AF1DBB0B-3199-46EC-ADFF-FB8972C9218A}.Debug|Any CPU.ActiveCfg = Debug|Any CPU
		{AF1DBB0B-3199-46EC-ADFF-FB8972C9218A}.Debug|Any CPU.Build.0 = Debug|Any CPU
		{AF1DBB0B-3199-46EC-ADFF-FB8972C9218A}.Release|Any CPU.ActiveCfg = Release|Any CPU
		{AF1DBB0B-3199-46EC-ADFF-FB8972C9218A}.Release|Any CPU.Build.0 = Release|Any CPU
		{76B61520-1739-407E-8989-C9E2F573231E}.Debug|Any CPU.ActiveCfg = Debug|Any CPU
		{76B61520-1739-407E-8989-C9E2F573231E}.Debug|Any CPU.Build.0 = Debug|Any CPU
		{76B61520-1739-407E-8989-C9E2F573231E}.Release|Any CPU.ActiveCfg = Release|Any CPU
		{76B61520-1739-407E-8989-C9E2F573231E}.Release|Any CPU.Build.0 = Release|Any CPU
	EndGlobalSection
	GlobalSection(SolutionProperties) = preSolution
		HideSolutionNode = FALSE
	EndGlobalSection
	GlobalSection(ExtensibilityGlobals) = postSolution
		SolutionGuid = {21F5D8E2-7A42-46CF-80C0-591DFFADBEE5}
	EndGlobalSection
EndGlobal
